// !$*UTF8*$!
{
	archiveVersion = 1;
	classes = {
	};
	objectVersion = 46;
	objects = {

/* Begin PBXBuildFile section */
		6014F7441C738E13009933F0 /* GLUT.framework in Frameworks */ = {isa = PBXBuildFile; fileRef = 6014F7421C738E13009933F0 /* GLUT.framework */; };
		6014F7451C738E13009933F0 /* OpenGL.framework in Frameworks */ = {isa = PBXBuildFile; fileRef = 6014F7431C738E13009933F0 /* OpenGL.framework */; };
		609086241C729223000E0B71 /* Actor.cpp in Sources */ = {isa = PBXBuildFile; fileRef = 609086231C729223000E0B71 /* Actor.cpp */; };
		6090862C1C729237000E0B71 /* GameController.cpp in Sources */ = {isa = PBXBuildFile; fileRef = 6090862A1C729237000E0B71 /* GameController.cpp */; };
		609086331C729240000E0B71 /* GameWorld.cpp in Sources */ = {isa = PBXBuildFile; fileRef = 6090862D1C729240000E0B71 /* GameWorld.cpp */; };
		609086341C729240000E0B71 /* main.cpp in Sources */ = {isa = PBXBuildFile; fileRef = 609086301C729240000E0B71 /* main.cpp */; };
		609086371C729248000E0B71 /* StudentWorld.cpp in Sources */ = {isa = PBXBuildFile; fileRef = 609086351C729248000E0B71 /* StudentWorld.cpp */; };
/* End PBXBuildFile section */

/* Begin PBXCopyFilesBuildPhase section */
		609086161C72641B000E0B71 /* CopyFiles */ = {
			isa = PBXCopyFilesBuildPhase;
			buildActionMask = 2147483647;
			dstPath = /usr/share/man/man1/;
			dstSubfolderSpec = 0;
			files = (
			);
			runOnlyForDeploymentPostprocessing = 1;
		};
/* End PBXCopyFilesBuildPhase section */

/* Begin PBXFileReference section */
		6014F7421C738E13009933F0 /* GLUT.framework */ = {isa = PBXFileReference; lastKnownFileType = wrapper.framework; name = GLUT.framework; path = System/Library/Frameworks/GLUT.framework; sourceTree = SDKROOT; };
		6014F7431C738E13009933F0 /* OpenGL.framework */ = {isa = PBXFileReference; lastKnownFileType = wrapper.framework; name = OpenGL.framework; path = System/Library/Frameworks/OpenGL.framework; sourceTree = SDKROOT; };
		609086181C72641B000E0B71 /* Project 3 */ = {isa = PBXFileReference; explicitFileType = "compiled.mach-o.executable"; includeInIndex = 0; path = "Project 3"; sourceTree = BUILT_PRODUCTS_DIR; };
		609086231C729223000E0B71 /* Actor.cpp */ = {isa = PBXFileReference; fileEncoding = 4; lastKnownFileType = sourcecode.cpp.cpp; path = Actor.cpp; sourceTree = "<group>"; };
		609086251C72922C000E0B71 /* Actor.h */ = {isa = PBXFileReference; lastKnownFileType = sourcecode.c.h; path = Actor.h; sourceTree = "<group>"; };
		609086261C72922C000E0B71 /* freeglut_ext.h */ = {isa = PBXFileReference; lastKnownFileType = sourcecode.c.h; path = freeglut_ext.h; sourceTree = "<group>"; };
		609086271C72922C000E0B71 /* freeglut_std.h */ = {isa = PBXFileReference; lastKnownFileType = sourcecode.c.h; path = freeglut_std.h; sourceTree = "<group>"; };
		609086281C729237000E0B71 /* freeglut.h */ = {isa = PBXFileReference; fileEncoding = 4; lastKnownFileType = sourcecode.c.h; path = freeglut.h; sourceTree = "<group>"; };
		609086291C729237000E0B71 /* GameConstants.h */ = {isa = PBXFileReference; fileEncoding = 4; lastKnownFileType = sourcecode.c.h; path = GameConstants.h; sourceTree = "<group>"; };
		6090862A1C729237000E0B71 /* GameController.cpp */ = {isa = PBXFileReference; fileEncoding = 4; lastKnownFileType = sourcecode.cpp.cpp; path = GameController.cpp; sourceTree = "<group>"; };
		6090862B1C729237000E0B71 /* GameController.h */ = {isa = PBXFileReference; fileEncoding = 4; lastKnownFileType = sourcecode.c.h; path = GameController.h; sourceTree = "<group>"; };
		6090862D1C729240000E0B71 /* GameWorld.cpp */ = {isa = PBXFileReference; fileEncoding = 4; lastKnownFileType = sourcecode.cpp.cpp; path = GameWorld.cpp; sourceTree = "<group>"; };
		6090862E1C729240000E0B71 /* GameWorld.h */ = {isa = PBXFileReference; fileEncoding = 4; lastKnownFileType = sourcecode.c.h; path = GameWorld.h; sourceTree = "<group>"; };
		6090862F1C729240000E0B71 /* GraphObject.h */ = {isa = PBXFileReference; fileEncoding = 4; lastKnownFileType = sourcecode.c.h; path = GraphObject.h; sourceTree = "<group>"; };
		609086301C729240000E0B71 /* main.cpp */ = {isa = PBXFileReference; fileEncoding = 4; lastKnownFileType = sourcecode.cpp.cpp; path = main.cpp; sourceTree = "<group>"; };
		609086311C729240000E0B71 /* SoundFX.h */ = {isa = PBXFileReference; fileEncoding = 4; lastKnownFileType = sourcecode.c.h; path = SoundFX.h; sourceTree = "<group>"; };
		609086321C729240000E0B71 /* SpriteManager.h */ = {isa = PBXFileReference; fileEncoding = 4; lastKnownFileType = sourcecode.c.h; path = SpriteManager.h; sourceTree = "<group>"; };
		609086351C729248000E0B71 /* StudentWorld.cpp */ = {isa = PBXFileReference; fileEncoding = 4; lastKnownFileType = sourcecode.cpp.cpp; path = StudentWorld.cpp; sourceTree = "<group>"; };
		609086361C729248000E0B71 /* StudentWorld.h */ = {isa = PBXFileReference; fileEncoding = 4; lastKnownFileType = sourcecode.c.h; path = StudentWorld.h; sourceTree = "<group>"; };
		609086381C729281000E0B71 /* Assets */ = {isa = PBXFileReference; lastKnownFileType = folder; name = Assets; path = "Project 3/Assets"; sourceTree = "<group>"; };
/* End PBXFileReference section */

/* Begin PBXFrameworksBuildPhase section */
		609086151C72641B000E0B71 /* Frameworks */ = {
			isa = PBXFrameworksBuildPhase;
			buildActionMask = 2147483647;
			files = (
				6014F7441C738E13009933F0 /* GLUT.framework in Frameworks */,
				6014F7451C738E13009933F0 /* OpenGL.framework in Frameworks */,
			);
			runOnlyForDeploymentPostprocessing = 0;
		};
/* End PBXFrameworksBuildPhase section */

/* Begin PBXGroup section */
		6090860F1C72641B000E0B71 = {
			isa = PBXGroup;
			children = (
				609086381C729281000E0B71 /* Assets */,
				6014F7421C738E13009933F0 /* GLUT.framework */,
				6014F7431C738E13009933F0 /* OpenGL.framework */,
				6090861A1C72641B000E0B71 /* Project 3 */,
				609086191C72641B000E0B71 /* Products */,
			);
			sourceTree = "<group>";
		};
		609086191C72641B000E0B71 /* Products */ = {
			isa = PBXGroup;
			children = (
				609086181C72641B000E0B71 /* Project 3 */,
			);
			name = Products;
			sourceTree = "<group>";
		};
		6090861A1C72641B000E0B71 /* Project 3 */ = {
			isa = PBXGroup;
			children = (
				609086231C729223000E0B71 /* Actor.cpp */,
				609086251C72922C000E0B71 /* Actor.h */,
				609086261C72922C000E0B71 /* freeglut_ext.h */,
				609086271C72922C000E0B71 /* freeglut_std.h */,
				609086281C729237000E0B71 /* freeglut.h */,
				609086291C729237000E0B71 /* GameConstants.h */,
				6090862A1C729237000E0B71 /* GameController.cpp */,
				6090862B1C729237000E0B71 /* GameController.h */,
				6090862D1C729240000E0B71 /* GameWorld.cpp */,
				6090862E1C729240000E0B71 /* GameWorld.h */,
				6090862F1C729240000E0B71 /* GraphObject.h */,
				609086301C729240000E0B71 /* main.cpp */,
				609086311C729240000E0B71 /* SoundFX.h */,
				609086321C729240000E0B71 /* SpriteManager.h */,
				609086351C729248000E0B71 /* StudentWorld.cpp */,
				609086361C729248000E0B71 /* StudentWorld.h */,
			);
			path = "Project 3";
			sourceTree = "<group>";
		};
/* End PBXGroup section */

/* Begin PBXNativeTarget section */
		609086171C72641B000E0B71 /* Project 3 */ = {
			isa = PBXNativeTarget;
			buildConfigurationList = 6090861F1C72641B000E0B71 /* Build configuration list for PBXNativeTarget "Project 3" */;
			buildPhases = (
				609086141C72641B000E0B71 /* Sources */,
				609086151C72641B000E0B71 /* Frameworks */,
				609086161C72641B000E0B71 /* CopyFiles */,
			);
			buildRules = (
			);
			dependencies = (
			);
			name = "Project 3";
			productName = "Project 3";
			productReference = 609086181C72641B000E0B71 /* Project 3 */;
			productType = "com.apple.product-type.tool";
		};
/* End PBXNativeTarget section */

/* Begin PBXProject section */
		609086101C72641B000E0B71 /* Project object */ = {
			isa = PBXProject;
			attributes = {
				LastUpgradeCheck = 0720;
				ORGANIZATIONNAME = Gopi;
				TargetAttributes = {
					609086171C72641B000E0B71 = {
						CreatedOnToolsVersion = 7.2.1;
					};
				};
			};
			buildConfigurationList = 609086131C72641B000E0B71 /* Build configuration list for PBXProject "Project 3" */;
			compatibilityVersion = "Xcode 3.2";
			developmentRegion = English;
			hasScannedForEncodings = 0;
			knownRegions = (
				en,
			);
			mainGroup = 6090860F1C72641B000E0B71;
			productRefGroup = 609086191C72641B000E0B71 /* Products */;
			projectDirPath = "";
			projectRoot = "";
			targets = (
				609086171C72641B000E0B71 /* Project 3 */,
			);
		};
/* End PBXProject section */

/* Begin PBXSourcesBuildPhase section */
		609086141C72641B000E0B71 /* Sources */ = {
			isa = PBXSourcesBuildPhase;
			buildActionMask = 2147483647;
			files = (
				609086241C729223000E0B71 /* Actor.cpp in Sources */,
				609086371C729248000E0B71 /* StudentWorld.cpp in Sources */,
				6090862C1C729237000E0B71 /* GameController.cpp in Sources */,
				609086341C729240000E0B71 /* main.cpp in Sources */,
				609086331C729240000E0B71 /* GameWorld.cpp in Sources */,
			);
			runOnlyForDeploymentPostprocessing = 0;
		};
/* End PBXSourcesBuildPhase section */

/* Begin XCBuildConfiguration section */
		6090861D1C72641B000E0B71 /* Debug */ = {
			isa = XCBuildConfiguration;
			buildSettings = {
				ALWAYS_SEARCH_USER_PATHS = NO;
				CLANG_CXX_LANGUAGE_STANDARD = "gnu++0x";
				CLANG_CXX_LIBRARY = "libc++";
				CLANG_ENABLE_MODULES = YES;
				CLANG_ENABLE_OBJC_ARC = YES;
				CLANG_WARN_BOOL_CONVERSION = YES;
				CLANG_WARN_CONSTANT_CONVERSION = YES;
				CLANG_WARN_DIRECT_OBJC_ISA_USAGE = YES_ERROR;
				CLANG_WARN_EMPTY_BODY = YES;
				CLANG_WARN_ENUM_CONVERSION = YES;
				CLANG_WARN_INT_CONVERSION = YES;
				CLANG_WARN_OBJC_ROOT_CLASS = YES_ERROR;
				CLANG_WARN_UNREACHABLE_CODE = YES;
				CLANG_WARN__DUPLICATE_METHOD_MATCH = YES;
				CODE_SIGN_IDENTITY = "-";
				COPY_PHASE_STRIP = NO;
				DEBUG_INFORMATION_FORMAT = dwarf;
				ENABLE_STRICT_OBJC_MSGSEND = YES;
				ENABLE_TESTABILITY = YES;
				GCC_C_LANGUAGE_STANDARD = gnu99;
				GCC_DYNAMIC_NO_PIC = NO;
				GCC_NO_COMMON_BLOCKS = YES;
				GCC_OPTIMIZATION_LEVEL = 0;
				GCC_PREPROCESSOR_DEFINITIONS = (
					"DEBUG=1",
					"$(inherited)",
				);
				GCC_WARN_64_TO_32_BIT_CONVERSION = YES;
				GCC_WARN_ABOUT_RETURN_TYPE = YES_ERROR;
				GCC_WARN_UNDECLARED_SELECTOR = YES;
				GCC_WARN_UNINITIALIZED_AUTOS = YES_AGGRESSIVE;
				GCC_WARN_UNUSED_FUNCTION = YES;
				GCC_WARN_UNUSED_VARIABLE = YES;
				MACOSX_DEPLOYMENT_TARGET = 10.11;
				MTL_ENABLE_DEBUG_INFO = YES;
				ONLY_ACTIVE_ARCH = YES;
				SDKROOT = macosx;
			};
			name = Debug;
		};
		6090861E1C72641B000E0B71 /* Release */ = {
			isa = XCBuildConfiguration;
			buildSettings = {
				ALWAYS_SEARCH_USER_PATHS = NO;
				CLANG_CXX_LANGUAGE_STANDARD = "gnu++0x";
				CLANG_CXX_LIBRARY = "libc++";
				CLANG_ENABLE_MODULES = YES;
				CLANG_ENABLE_OBJC_ARC = YES;
				CLANG_WARN_BOOL_CONVERSION = YES;
				CLANG_WARN_CONSTANT_CONVERSION = YES;
				CLANG_WARN_DIRECT_OBJC_ISA_USAGE = YES_ERROR;
				CLANG_WARN_EMPTY_BODY = YES;
				CLANG_WARN_ENUM_CONVERSION = YES;
				CLANG_WARN_INT_CONVERSION = YES;
				CLANG_WARN_OBJC_ROOT_CLASS = YES_ERROR;
				CLANG_WARN_UNREACHABLE_CODE = YES;
				CLANG_WARN__DUPLICATE_METHOD_MATCH = YES;
				CODE_SIGN_IDENTITY = "-";
				COPY_PHASE_STRIP = NO;
				DEBUG_INFORMATION_FORMAT = "dwarf-with-dsym";
				ENABLE_NS_ASSERTIONS = NO;
				ENABLE_STRICT_OBJC_MSGSEND = YES;
				GCC_C_LANGUAGE_STANDARD = gnu99;
				GCC_NO_COMMON_BLOCKS = YES;
				GCC_WARN_64_TO_32_BIT_CONVERSION = YES;
				GCC_WARN_ABOUT_RETURN_TYPE = YES_ERROR;
				GCC_WARN_UNDECLARED_SELECTOR = YES;
				GCC_WARN_UNINITIALIZED_AUTOS = YES_AGGRESSIVE;
				GCC_WARN_UNUSED_FUNCTION = YES;
				GCC_WARN_UNUSED_VARIABLE = YES;
				MACOSX_DEPLOYMENT_TARGET = 10.11;
				MTL_ENABLE_DEBUG_INFO = NO;
				SDKROOT = macosx;
			};
			name = Release;
		};
		609086201C72641B000E0B71 /* Debug */ = {
			isa = XCBuildConfiguration;
			buildSettings = {
				PRODUCT_NAME = "$(TARGET_NAME)";
			};
			name = Debug;
		};
		609086211C72641B000E0B71 /* Release */ = {
			isa = XCBuildConfiguration;
			buildSettings = {
				PRODUCT_NAME = "$(TARGET_NAME)";
			};
			name = Release;
		};
/* End XCBuildConfiguration section */

/* Begin XCConfigurationList section */
		609086131C72641B000E0B71 /* Build configuration list for PBXProject "Project 3" */ = {
			isa = XCConfigurationList;
			buildConfigurations = (
				6090861D1C72641B000E0B71 /* Debug */,
				6090861E1C72641B000E0B71 /* Release */,
			);
			defaultConfigurationIsVisible = 0;
			defaultConfigurationName = Release;
		};
		6090861F1C72641B000E0B71 /* Build configuration list for PBXNativeTarget "Project 3" */ = {
			isa = XCConfigurationList;
			buildConfigurations = (
				609086201C72641B000E0B71 /* Debug */,
				609086211C72641B000E0B71 /* Release */,
			);
			defaultConfigurationIsVisible = 0;
			defaultConfigurationName = Release;
		};
/* End XCConfigurationList section */
	};
	rootObject = 609086101C72641B000E0B71 /* Project object */;
}
